<?xml version="1.0" encoding="utf-8"?>
<Project ToolsVersion="4.0" xmlns="http://schemas.microsoft.com/developer/msbuild/2003">
  <ItemGroup>
    <Filter Include="CODE">
      <UniqueIdentifier>{348780d5-1cc4-434a-b639-a9b3b9dbbf0a}</UniqueIdentifier>
    </Filter>
    <Filter Include="CODE\net">
      <UniqueIdentifier>{baebd2d1-aeb5-437a-b715-d0347bc03228}</UniqueIdentifier>
    </Filter>
    <Filter Include="CODE\ctst">
      <UniqueIdentifier>{62625012-598e-4465-8b32-b9c37ffe3f4e}</UniqueIdentifier>
    </Filter>
    <Filter Include="CODE\db">
      <UniqueIdentifier>{5ed56d2b-8fa0-4ce5-817b-dafb06674688}</UniqueIdentifier>
    </Filter>
    <Filter Include="CODE\frame">
      <UniqueIdentifier>{1834ae55-6c5e-4502-9fa2-3773f45f2610}</UniqueIdentifier>
    </Filter>
    <Filter Include="CODE\thread">
      <UniqueIdentifier>{2813cf6d-2cf1-4ce5-a4bd-dfef818d232d}</UniqueIdentifier>
    </Filter>
  </ItemGroup>
  <ItemGroup>
    <ClInclude Include="..\..\..\..\sdks\hsdk\include\hsdk\interface\criticalsection\event.h">
      <Filter>CODE\ctst</Filter>
    </ClInclude>
    <ClInclude Include="..\..\..\..\sdks\hsdk\include\hsdk\interface\criticalsection\section.h">
      <Filter>CODE\ctst</Filter>
    </ClInclude>
    <ClInclude Include="..\..\..\..\sdks\hsdk\include\hsdk\interface\database\database.h">
      <Filter>CODE\db</Filter>
    </ClInclude>
    <ClInclude Include="..\..\..\..\sdks\hsdk\include\hsdk\interface\network\client.h">
      <Filter>CODE\net</Filter>
    </ClInclude>
    <ClInclude Include="..\..\..\..\sdks\hsdk\include\hsdk\interface\network\proxy.h">
      <Filter>CODE\net</Filter>
    </ClInclude>
    <ClInclude Include="..\..\..\..\sdks\hsdk\include\hsdk\interface\network\server.h">
      <Filter>CODE\net</Filter>
    </ClInclude>
    <ClInclude Include="..\..\..\..\sdks\hsdk\include\hsdk\interface\thread\thread.h">
      <Filter>CODE\thread</Filter>
    </ClInclude>
    <ClInclude Include="..\..\..\..\sdks\hsdk\src\hsdk_common.h">
      <Filter>CODE</Filter>
    </ClInclude>
    <ClInclude Include="..\..\..\..\sdks\hsdk\src\hsdk\autodelete.h">
      <Filter>CODE</Filter>
    </ClInclude>
    <ClInclude Include="..\..\..\..\sdks\hsdk\src\hsdk\autopointer.h">
      <Filter>CODE</Filter>
    </ClInclude>
    <ClInclude Include="..\..\..\..\sdks\hsdk\src\hsdk\autorelease.h">
      <Filter>CODE</Filter>
    </ClInclude>
    <ClInclude Include="..\..\..\..\sdks\hsdk\src\hsdk\autoslot.h">
      <Filter>CODE</Filter>
    </ClInclude>
    <ClInclude Include="..\..\..\..\sdks\hsdk\src\hsdk\interface\frame\actable.h">
      <Filter>CODE\frame</Filter>
    </ClInclude>
    <ClInclude Include="..\..\..\..\sdks\hsdk\src\hsdk\interface\frame\common.h">
      <Filter>CODE\frame</Filter>
    </ClInclude>
    <ClInclude Include="..\..\..\..\sdks\hsdk\src\hsdk\interface\frame\component.h">
      <Filter>CODE\frame</Filter>
    </ClInclude>
    <ClInclude Include="..\..\..\..\sdks\hsdk\src\hsdk\interface\frame\graphics.h">
      <Filter>CODE\frame</Filter>
    </ClInclude>
    <ClInclude Include="..\..\..\..\sdks\hsdk\src\hsdk\interface\frame\inputeventhelper.h">
      <Filter>CODE\frame</Filter>
    </ClInclude>
    <ClInclude Include="..\..\..\..\sdks\hsdk\src\hsdk\interface\frame\keyboardable.h">
      <Filter>CODE\frame</Filter>
    </ClInclude>
    <ClInclude Include="..\..\..\..\sdks\hsdk\src\hsdk\interface\frame\layout.h">
      <Filter>CODE\frame</Filter>
    </ClInclude>
    <ClInclude Include="..\..\..\..\sdks\hsdk\src\hsdk\interface\frame\mouseable.h">
      <Filter>CODE\frame</Filter>
    </ClInclude>
    <ClInclude Include="..\..\..\..\sdks\hsdk\src\hsdk\embeddedpattern.h">
      <Filter>CODE</Filter>
    </ClInclude>
  </ItemGroup>
</Project>