<?xml version="1.0" encoding="utf-8"?>
<Project ToolsVersion="4.0" xmlns="http://schemas.microsoft.com/developer/msbuild/2003">
  <ItemGroup>
    <Filter Include="소스 파일">
      <UniqueIdentifier>{4FC737F1-C7A5-4376-A066-2A32D752A2FF}</UniqueIdentifier>
      <Extensions>cpp;c;cc;cxx;def;odl;idl;hpj;bat;asm;asmx</Extensions>
    </Filter>
    <Filter Include="헤더 파일">
      <UniqueIdentifier>{93995380-89BD-4b04-88EB-625FBE52EBFB}</UniqueIdentifier>
      <Extensions>h;hh;hpp;hxx;hm;inl;inc;xsd</Extensions>
    </Filter>
    <Filter Include="리소스 파일">
      <UniqueIdentifier>{67DA6AB6-F800-4c08-8B7A-83BB121AAD01}</UniqueIdentifier>
      <Extensions>rc;ico;cur;bmp;dlg;rc2;rct;bin;rgs;gif;jpg;jpeg;jpe;resx;tiff;tif;png;wav;mfcribbon-ms</Extensions>
    </Filter>
    <Filter Include="헤더 파일\ctst">
      <UniqueIdentifier>{07174550-9fad-4772-a95c-686560f7188f}</UniqueIdentifier>
    </Filter>
    <Filter Include="헤더 파일\db">
      <UniqueIdentifier>{ce3a665e-7e16-49a0-8061-6669f0f0e000}</UniqueIdentifier>
    </Filter>
    <Filter Include="헤더 파일\net">
      <UniqueIdentifier>{45f6a1d8-b792-497c-b275-406162567560}</UniqueIdentifier>
    </Filter>
    <Filter Include="헤더 파일\thread">
      <UniqueIdentifier>{9413ea2b-9690-44b7-883e-beea05763360}</UniqueIdentifier>
    </Filter>
    <Filter Include="소스 파일\ctst">
      <UniqueIdentifier>{bc1e3553-6811-44b1-b375-4abedb23f830}</UniqueIdentifier>
    </Filter>
    <Filter Include="소스 파일\thread">
      <UniqueIdentifier>{918440ef-047f-4dbb-b39f-0815ea6842fa}</UniqueIdentifier>
    </Filter>
    <Filter Include="헤더 파일\frame">
      <UniqueIdentifier>{0649f220-c23d-4f38-9c30-5eab24d27e65}</UniqueIdentifier>
    </Filter>
    <Filter Include="소스 파일\frame">
      <UniqueIdentifier>{1ae67458-65da-44dd-bdb8-022faa833c50}</UniqueIdentifier>
    </Filter>
    <Filter Include="소스 파일\net">
      <UniqueIdentifier>{e17a9fa4-811e-4c2e-aded-a7e1c6e4438a}</UniqueIdentifier>
    </Filter>
    <Filter Include="헤더 파일\sound">
      <UniqueIdentifier>{41916e44-d8eb-47c4-88b8-e760c061b659}</UniqueIdentifier>
    </Filter>
    <Filter Include="소스 파일\sound">
      <UniqueIdentifier>{d056a800-56e9-426b-8cf9-957172f7cf2c}</UniqueIdentifier>
    </Filter>
    <Filter Include="헤더 파일\direct3d">
      <UniqueIdentifier>{fb0025f1-3c51-4636-b773-780a4747d314}</UniqueIdentifier>
    </Filter>
    <Filter Include="소스 파일\direct3d">
      <UniqueIdentifier>{d5d41e5f-6c7c-462a-8a29-358c8d08ff70}</UniqueIdentifier>
    </Filter>
    <Filter Include="소스 파일\db">
      <UniqueIdentifier>{78b1d013-4332-4a8c-aac1-8762a10b2bf0}</UniqueIdentifier>
    </Filter>
    <Filter Include="헤더 파일\frame\layout">
      <UniqueIdentifier>{6b6c3485-d93d-492e-80ac-5536b0ad55ab}</UniqueIdentifier>
    </Filter>
    <Filter Include="소스 파일\frame\layout">
      <UniqueIdentifier>{439b9504-5e5e-497f-997a-601899babc7e}</UniqueIdentifier>
    </Filter>
  </ItemGroup>
  <ItemGroup>
    <ClCompile Include="component.cpp">
      <Filter>소스 파일\frame</Filter>
    </ClCompile>
    <ClCompile Include="container.cpp">
      <Filter>소스 파일\frame</Filter>
    </ClCompile>
    <ClCompile Include="inputeventhelper.cpp">
      <Filter>소스 파일\frame</Filter>
    </ClCompile>
    <ClCompile Include="mutex.cpp">
      <Filter>소스 파일\ctst</Filter>
    </ClCompile>
    <ClCompile Include="manualevent.cpp">
      <Filter>소스 파일\ctst</Filter>
    </ClCompile>
    <ClCompile Include="autoresetevent.cpp">
      <Filter>소스 파일\ctst</Filter>
    </ClCompile>
    <ClCompile Include="semaphore.cpp">
      <Filter>소스 파일\ctst</Filter>
    </ClCompile>
    <ClCompile Include="tcpproxy.cpp">
      <Filter>소스 파일\net</Filter>
    </ClCompile>
    <ClCompile Include="tcpserver.cpp">
      <Filter>소스 파일\net</Filter>
    </ClCompile>
    <ClCompile Include="tcpclient.cpp">
      <Filter>소스 파일\net</Filter>
    </ClCompile>
    <ClCompile Include="thread.cpp">
      <Filter>소스 파일\thread</Filter>
    </ClCompile>
    <ClCompile Include="graphics.cpp">
      <Filter>소스 파일\frame</Filter>
    </ClCompile>
    <ClCompile Include="d3d10_mesh.cpp">
      <Filter>소스 파일\direct3d</Filter>
    </ClCompile>
    <ClCompile Include="buttoncompo.cpp">
      <Filter>소스 파일\frame</Filter>
    </ClCompile>
    <ClCompile Include="wictextureloader.cpp">
      <Filter>소스 파일</Filter>
    </ClCompile>
    <ClCompile Include="framework.cpp">
      <Filter>소스 파일</Filter>
    </ClCompile>
    <ClCompile Include="framework_camera.cpp">
      <Filter>소스 파일</Filter>
    </ClCompile>
    <ClCompile Include="framework_device.cpp">
      <Filter>소스 파일</Filter>
    </ClCompile>
    <ClCompile Include="framework_outside.cpp">
      <Filter>소스 파일</Filter>
    </ClCompile>
    <ClCompile Include="framework_usertimestream.cpp">
      <Filter>소스 파일</Filter>
    </ClCompile>
    <ClCompile Include="framework_wintimer.cpp">
      <Filter>소스 파일</Filter>
    </ClCompile>
    <ClCompile Include="d8_soundplayer.cpp">
      <Filter>소스 파일\sound</Filter>
    </ClCompile>
    <ClCompile Include="d3d10_factory.cpp">
      <Filter>소스 파일\direct3d</Filter>
    </ClCompile>
    <ClCompile Include="d8_soundmultiplayer.cpp">
      <Filter>소스 파일\sound</Filter>
    </ClCompile>
    <ClCompile Include="d8_sounddevice.cpp">
      <Filter>소스 파일\sound</Filter>
    </ClCompile>
    <ClCompile Include="fmod_sounddevice.cpp">
      <Filter>소스 파일\sound</Filter>
    </ClCompile>
    <ClCompile Include="d3d10_renderer.cpp">
      <Filter>소스 파일\direct3d</Filter>
    </ClCompile>
    <ClCompile Include="d3d10_font.cpp">
      <Filter>소스 파일\direct3d</Filter>
    </ClCompile>
    <ClCompile Include="d3d10_animation.cpp">
      <Filter>소스 파일\direct3d</Filter>
    </ClCompile>
    <ClCompile Include="rendertargetcontainer.cpp">
      <Filter>소스 파일\frame</Filter>
    </ClCompile>
    <ClCompile Include="d3d10_rendertarget.cpp">
      <Filter>소스 파일\direct3d</Filter>
    </ClCompile>
    <ClCompile Include="borderlayout.cpp">
      <Filter>소스 파일\frame\layout</Filter>
    </ClCompile>
    <ClCompile Include="소스.cpp">
      <Filter>소스 파일\frame\layout</Filter>
    </ClCompile>
  </ItemGroup>
  <ItemGroup>
    <ClInclude Include="..\..\..\..\sdks\hsdk\include\hsdk\win\frame\component.h">
      <Filter>헤더 파일\frame</Filter>
    </ClInclude>
    <ClInclude Include="..\..\..\..\sdks\hsdk\include\hsdk\win\frame\container.h">
      <Filter>헤더 파일\frame</Filter>
    </ClInclude>
    <ClInclude Include="..\..\..\..\sdks\hsdk\include\hsdk\win\frame\inputeventhelper.h">
      <Filter>헤더 파일\frame</Filter>
    </ClInclude>
    <ClInclude Include="..\..\..\..\sdks\hsdk\include\hsdk\win\criticalsection\semaphore.h">
      <Filter>헤더 파일\ctst</Filter>
    </ClInclude>
    <ClInclude Include="..\..\..\..\sdks\hsdk\include\hsdk\win\criticalsection\manualevent.h">
      <Filter>헤더 파일\ctst</Filter>
    </ClInclude>
    <ClInclude Include="..\..\..\..\sdks\hsdk\include\hsdk\win\criticalsection\autoresetevent.h">
      <Filter>헤더 파일\ctst</Filter>
    </ClInclude>
    <ClInclude Include="..\..\..\..\sdks\hsdk\include\hsdk\win\criticalsection\mutex.h">
      <Filter>헤더 파일\ctst</Filter>
    </ClInclude>
    <ClInclude Include="..\..\..\..\sdks\hsdk\include\hsdk\win\thread\thread.h">
      <Filter>헤더 파일\thread</Filter>
    </ClInclude>
    <ClInclude Include="..\..\..\..\sdks\hsdk\include\hsdk\win\thread\task.h">
      <Filter>헤더 파일\thread</Filter>
    </ClInclude>
    <ClInclude Include="..\..\..\..\sdks\hsdk\include\hsdk\win\network\common.h">
      <Filter>헤더 파일\net</Filter>
    </ClInclude>
    <ClInclude Include="..\..\..\..\sdks\hsdk\include\hsdk\win\network\tcpproxy.h">
      <Filter>헤더 파일\net</Filter>
    </ClInclude>
    <ClInclude Include="..\..\..\..\sdks\hsdk\include\hsdk\win\network\tcpserver.h">
      <Filter>헤더 파일\net</Filter>
    </ClInclude>
    <ClInclude Include="..\..\..\..\sdks\hsdk\include\hsdk\win\network\tcpclient.h">
      <Filter>헤더 파일\net</Filter>
    </ClInclude>
    <ClInclude Include="..\..\..\..\sdks\hsdk\include\hsdk\win\frame\graphics.h">
      <Filter>헤더 파일\frame</Filter>
    </ClInclude>
    <ClInclude Include="..\..\..\..\sdks\hsdk\include\hsdk\win\frame\buttoncompo.h">
      <Filter>헤더 파일\frame</Filter>
    </ClInclude>
    <ClInclude Include="..\..\..\..\sdks\hsdk\include\hsdk\win\wictextureloader.h">
      <Filter>헤더 파일</Filter>
    </ClInclude>
    <ClInclude Include="..\..\..\..\sdks\hsdk\include\hsdk\win\common.h">
      <Filter>헤더 파일</Filter>
    </ClInclude>
    <ClInclude Include="..\..\..\..\sdks\hsdk\include\hsdk\win\comptr.h">
      <Filter>헤더 파일</Filter>
    </ClInclude>
    <ClInclude Include="..\..\..\..\sdks\hsdk\include\hsdk\win\framework_outside.h">
      <Filter>헤더 파일</Filter>
    </ClInclude>
    <ClInclude Include="..\..\..\..\sdks\hsdk\include\hsdk\win\framework_device.h">
      <Filter>헤더 파일</Filter>
    </ClInclude>
    <ClInclude Include="..\..\..\..\sdks\hsdk\include\hsdk\win\framework_camera.h">
      <Filter>헤더 파일</Filter>
    </ClInclude>
    <ClInclude Include="..\..\..\..\sdks\hsdk\include\hsdk\win\framework.h">
      <Filter>헤더 파일</Filter>
    </ClInclude>
    <ClInclude Include="..\..\..\..\sdks\hsdk\include\hsdk\win\direct3d\d3d10_common.h">
      <Filter>헤더 파일\direct3d</Filter>
    </ClInclude>
    <ClInclude Include="..\..\..\..\sdks\hsdk\include\hsdk\win\direct3d\d3d10_mesh.h">
      <Filter>헤더 파일\direct3d</Filter>
    </ClInclude>
    <ClInclude Include="..\..\..\..\sdks\hsdk\include\hsdk\win\framework_usertimestream.h">
      <Filter>헤더 파일</Filter>
    </ClInclude>
    <ClInclude Include="..\..\..\..\sdks\hsdk\include\hsdk\win\framework_wintimer.h">
      <Filter>헤더 파일</Filter>
    </ClInclude>
    <ClInclude Include="..\..\..\..\sdks\hsdk\include\hsdk\win\sound\d8_soundmultiplayer.h">
      <Filter>헤더 파일\sound</Filter>
    </ClInclude>
    <ClInclude Include="..\..\..\..\sdks\hsdk\include\hsdk\win\sound\d8_soundplayer.h">
      <Filter>헤더 파일\sound</Filter>
    </ClInclude>
    <ClInclude Include="..\..\..\..\sdks\hsdk\include\hsdk\win\direct3d\d3d10_factory.h">
      <Filter>헤더 파일\direct3d</Filter>
    </ClInclude>
    <ClInclude Include="..\..\..\..\sdks\hsdk\include\hsdk\win\sound\d8_sounddevice.h">
      <Filter>헤더 파일\sound</Filter>
    </ClInclude>
    <ClInclude Include="..\..\..\..\sdks\hsdk\include\hsdk\win\sound\d8_common.h">
      <Filter>헤더 파일\sound</Filter>
    </ClInclude>
    <ClInclude Include="..\..\..\..\sdks\hsdk\include\hsdk\win\sound\fmod_common.h">
      <Filter>헤더 파일\sound</Filter>
    </ClInclude>
    <ClInclude Include="..\..\..\..\sdks\hsdk\include\hsdk\win\sound\fmod_sounddevice.h">
      <Filter>헤더 파일\sound</Filter>
    </ClInclude>
    <ClInclude Include="..\..\..\..\sdks\hsdk\include\hsdk\win\direct3d\d3d10_font.h">
      <Filter>헤더 파일\direct3d</Filter>
    </ClInclude>
    <ClInclude Include="..\..\..\..\sdks\hsdk\include\hsdk\win\direct3d\d3d10_renderer.h">
      <Filter>헤더 파일\direct3d</Filter>
    </ClInclude>
    <ClInclude Include="..\..\..\..\sdks\hsdk\include\hsdk\win\direct3d\d3d10_animation.h">
      <Filter>헤더 파일\direct3d</Filter>
    </ClInclude>
    <ClInclude Include="..\..\..\..\sdks\hsdk\include\hsdk\win\frame\rendertargetcontainer.h">
      <Filter>헤더 파일\frame</Filter>
    </ClInclude>
    <ClInclude Include="..\..\..\..\sdks\hsdk\include\hsdk\win\direct3d\d3d10_rendertarget.h">
      <Filter>헤더 파일\direct3d</Filter>
    </ClInclude>
    <ClInclude Include="..\..\..\..\sdks\hsdk\include\hsdk\win\frame\layout\borderlayout.h">
      <Filter>헤더 파일\frame\layout</Filter>
    </ClInclude>
  </ItemGroup>
  <ItemGroup>
    <None Include="..\..\..\..\sdks\hsdk\include\hsdk\win\common.inl">
      <Filter>헤더 파일</Filter>
    </None>
    <None Include="..\..\..\..\sdks\hsdk\include\hsdk\win\direct3d\d3d10_animation.inl">
      <Filter>헤더 파일\direct3d</Filter>
    </None>
    <None Include="..\Win32Project1\shader\shader.fx">
      <Filter>리소스 파일</Filter>
    </None>
    <None Include="..\Win32Project1\shader\format.fx">
      <Filter>리소스 파일</Filter>
    </None>
    <None Include="..\Win32Project1\shader\function.fx">
      <Filter>리소스 파일</Filter>
    </None>
    <None Include="..\Win32Project1\shader\grobal.fx">
      <Filter>리소스 파일</Filter>
    </None>
    <None Include="..\Win32Project1\shader\main.fx">
      <Filter>리소스 파일</Filter>
    </None>
  </ItemGroup>
</Project>