<?xml version="1.0" encoding="utf-8"?>
<Project ToolsVersion="4.0" xmlns="http://schemas.microsoft.com/developer/msbuild/2003">
  <ItemGroup>
    <Filter Include="WIN">
      <UniqueIdentifier>{93995380-89BD-4b04-88EB-625FBE52EBFB}</UniqueIdentifier>
      <Extensions>h;hh;hpp;hxx;hm;inl;inc;xsd</Extensions>
    </Filter>
    <Filter Include="WIN\ctst">
      <UniqueIdentifier>{07174550-9fad-4772-a95c-686560f7188f}</UniqueIdentifier>
    </Filter>
    <Filter Include="WIN\db">
      <UniqueIdentifier>{ce3a665e-7e16-49a0-8061-6669f0f0e000}</UniqueIdentifier>
    </Filter>
    <Filter Include="WIN\net">
      <UniqueIdentifier>{45f6a1d8-b792-497c-b275-406162567560}</UniqueIdentifier>
    </Filter>
    <Filter Include="WIN\thread">
      <UniqueIdentifier>{9413ea2b-9690-44b7-883e-beea05763360}</UniqueIdentifier>
    </Filter>
    <Filter Include="WIN\frame">
      <UniqueIdentifier>{0649f220-c23d-4f38-9c30-5eab24d27e65}</UniqueIdentifier>
    </Filter>
    <Filter Include="WIN\frame\layout">
      <UniqueIdentifier>{6b6c3485-d93d-492e-80ac-5536b0ad55ab}</UniqueIdentifier>
    </Filter>
    <Filter Include="WIN\sound">
      <UniqueIdentifier>{41916e44-d8eb-47c4-88b8-e760c061b659}</UniqueIdentifier>
    </Filter>
    <Filter Include="WIN\direct3d">
      <UniqueIdentifier>{fb0025f1-3c51-4636-b773-780a4747d314}</UniqueIdentifier>
    </Filter>
  </ItemGroup>
  <ItemGroup>
    <ClInclude Include="..\..\..\..\sdks\hsdk\src\hsdk\win\common.h">
      <Filter>WIN</Filter>
    </ClInclude>
    <ClInclude Include="..\..\..\..\sdks\hsdk\src\hsdk\win\comptr.h">
      <Filter>WIN</Filter>
    </ClInclude>
    <ClInclude Include="..\..\..\..\sdks\hsdk\src\hsdk\win\framework.h">
      <Filter>WIN</Filter>
    </ClInclude>
    <ClInclude Include="..\..\..\..\sdks\hsdk\src\hsdk\win\framework_camera.h">
      <Filter>WIN</Filter>
    </ClInclude>
    <ClInclude Include="..\..\..\..\sdks\hsdk\src\hsdk\win\framework_device.h">
      <Filter>WIN</Filter>
    </ClInclude>
    <ClInclude Include="..\..\..\..\sdks\hsdk\src\hsdk\win\framework_outside.h">
      <Filter>WIN</Filter>
    </ClInclude>
    <ClInclude Include="..\..\..\..\sdks\hsdk\src\hsdk\win\framework_usertimestream.h">
      <Filter>WIN</Filter>
    </ClInclude>
    <ClInclude Include="..\..\..\..\sdks\hsdk\src\hsdk\win\framework_wintimer.h">
      <Filter>WIN</Filter>
    </ClInclude>
    <ClInclude Include="..\..\..\..\sdks\hsdk\src\hsdk\win\wictextureloader.h">
      <Filter>WIN</Filter>
    </ClInclude>
    <ClInclude Include="..\..\..\..\sdks\hsdk\src\hsdk\win\thread\task.h">
      <Filter>WIN\thread</Filter>
    </ClInclude>
    <ClInclude Include="..\..\..\..\sdks\hsdk\src\hsdk\win\thread\thread.h">
      <Filter>WIN\thread</Filter>
    </ClInclude>
    <ClInclude Include="..\..\..\..\sdks\hsdk\src\hsdk\win\sound\d8_common.h">
      <Filter>WIN\sound</Filter>
    </ClInclude>
    <ClInclude Include="..\..\..\..\sdks\hsdk\src\hsdk\win\sound\d8_sounddevice.h">
      <Filter>WIN\sound</Filter>
    </ClInclude>
    <ClInclude Include="..\..\..\..\sdks\hsdk\src\hsdk\win\sound\d8_soundmultiplayer.h">
      <Filter>WIN\sound</Filter>
    </ClInclude>
    <ClInclude Include="..\..\..\..\sdks\hsdk\src\hsdk\win\sound\d8_soundplayer.h">
      <Filter>WIN\sound</Filter>
    </ClInclude>
    <ClInclude Include="..\..\..\..\sdks\hsdk\src\hsdk\win\sound\fmod_common.h">
      <Filter>WIN\sound</Filter>
    </ClInclude>
    <ClInclude Include="..\..\..\..\sdks\hsdk\src\hsdk\win\sound\fmod_sounddevice.h">
      <Filter>WIN\sound</Filter>
    </ClInclude>
    <ClInclude Include="..\..\..\..\sdks\hsdk\src\hsdk\win\network\common.h">
      <Filter>WIN\net</Filter>
    </ClInclude>
    <ClInclude Include="..\..\..\..\sdks\hsdk\src\hsdk\win\network\tcpclient.h">
      <Filter>WIN\net</Filter>
    </ClInclude>
    <ClInclude Include="..\..\..\..\sdks\hsdk\src\hsdk\win\network\tcpproxy.h">
      <Filter>WIN\net</Filter>
    </ClInclude>
    <ClInclude Include="..\..\..\..\sdks\hsdk\src\hsdk\win\network\tcpserver.h">
      <Filter>WIN\net</Filter>
    </ClInclude>
    <ClInclude Include="..\..\..\..\sdks\hsdk\src\hsdk\win\frame\buttoncompo.h">
      <Filter>WIN\frame</Filter>
    </ClInclude>
    <ClInclude Include="..\..\..\..\sdks\hsdk\src\hsdk\win\frame\component.h">
      <Filter>WIN\frame</Filter>
    </ClInclude>
    <ClInclude Include="..\..\..\..\sdks\hsdk\src\hsdk\win\frame\container.h">
      <Filter>WIN\frame</Filter>
    </ClInclude>
    <ClInclude Include="..\..\..\..\sdks\hsdk\src\hsdk\win\frame\graphics.h">
      <Filter>WIN\frame</Filter>
    </ClInclude>
    <ClInclude Include="..\..\..\..\sdks\hsdk\src\hsdk\win\frame\inputeventhelper.h">
      <Filter>WIN\frame</Filter>
    </ClInclude>
    <ClInclude Include="..\..\..\..\sdks\hsdk\src\hsdk\win\frame\rendertargetcontainer.h">
      <Filter>WIN\frame</Filter>
    </ClInclude>
    <ClInclude Include="..\..\..\..\sdks\hsdk\src\hsdk\win\frame\layout\borderlayout.h">
      <Filter>WIN\frame\layout</Filter>
    </ClInclude>
    <ClInclude Include="..\..\..\..\sdks\hsdk\src\hsdk\win\direct3d\d3d10_animation.h">
      <Filter>WIN\direct3d</Filter>
    </ClInclude>
    <ClInclude Include="..\..\..\..\sdks\hsdk\src\hsdk\win\direct3d\d3d10_common.h">
      <Filter>WIN\direct3d</Filter>
    </ClInclude>
    <ClInclude Include="..\..\..\..\sdks\hsdk\src\hsdk\win\direct3d\d3d10_factory.h">
      <Filter>WIN\direct3d</Filter>
    </ClInclude>
    <ClInclude Include="..\..\..\..\sdks\hsdk\src\hsdk\win\direct3d\d3d10_font.h">
      <Filter>WIN\direct3d</Filter>
    </ClInclude>
    <ClInclude Include="..\..\..\..\sdks\hsdk\src\hsdk\win\direct3d\d3d10_mesh.h">
      <Filter>WIN\direct3d</Filter>
    </ClInclude>
    <ClInclude Include="..\..\..\..\sdks\hsdk\src\hsdk\win\direct3d\d3d10_renderer.h">
      <Filter>WIN\direct3d</Filter>
    </ClInclude>
    <ClInclude Include="..\..\..\..\sdks\hsdk\src\hsdk\win\direct3d\d3d10_rendertarget.h">
      <Filter>WIN\direct3d</Filter>
    </ClInclude>
    <ClInclude Include="..\..\..\..\sdks\hsdk\src\hsdk\win\direct3d\d3d10_terrain.h">
      <Filter>WIN\direct3d</Filter>
    </ClInclude>
    <ClInclude Include="..\..\..\..\sdks\hsdk\src\hsdk\win\criticalsection\autoresetevent.h">
      <Filter>WIN\ctst</Filter>
    </ClInclude>
    <ClInclude Include="..\..\..\..\sdks\hsdk\src\hsdk\win\criticalsection\manualevent.h">
      <Filter>WIN\ctst</Filter>
    </ClInclude>
    <ClInclude Include="..\..\..\..\sdks\hsdk\src\hsdk\win\criticalsection\mutex.h">
      <Filter>WIN\ctst</Filter>
    </ClInclude>
    <ClInclude Include="..\..\..\..\sdks\hsdk\src\hsdk\win\criticalsection\semaphore.h">
      <Filter>WIN\ctst</Filter>
    </ClInclude>
    <ClInclude Include="..\..\..\..\sdks\hsdk\src\hsdk\win\frame\layout\gridlayout.h">
      <Filter>WIN\frame\layout</Filter>
    </ClInclude>
    <ClInclude Include="..\..\..\..\sdks\hsdk\src\hsdk\win\frame\multicontainer.h">
      <Filter>WIN\frame</Filter>
    </ClInclude>
  </ItemGroup>
  <ItemGroup>
    <None Include="..\..\..\..\sdks\hsdk\src\hsdk\win\common.inl">
      <Filter>WIN</Filter>
    </None>
    <None Include="..\..\..\..\sdks\hsdk\src\hsdk\win\direct3d\d3d10_animation.inl">
      <Filter>WIN\direct3d</Filter>
    </None>
    <None Include="..\..\..\..\sdks\hsdk\src\hsdk\win\frame\rendertargetcontainer.inl">
      <Filter>WIN\frame</Filter>
    </None>
    <None Include="..\..\..\..\sdks\hsdk\src\hsdk\win\frame\multicontainer.inl">
      <Filter>WIN\frame</Filter>
    </None>
  </ItemGroup>
  <ItemGroup>
    <ClCompile Include="..\..\..\..\sdks\hsdk\src\hsdk\win\framework.cpp">
      <Filter>WIN</Filter>
    </ClCompile>
    <ClCompile Include="..\..\..\..\sdks\hsdk\src\hsdk\win\framework_camera.cpp">
      <Filter>WIN</Filter>
    </ClCompile>
    <ClCompile Include="..\..\..\..\sdks\hsdk\src\hsdk\win\framework_device.cpp">
      <Filter>WIN</Filter>
    </ClCompile>
    <ClCompile Include="..\..\..\..\sdks\hsdk\src\hsdk\win\framework_outside.cpp">
      <Filter>WIN</Filter>
    </ClCompile>
    <ClCompile Include="..\..\..\..\sdks\hsdk\src\hsdk\win\framework_usertimestream.cpp">
      <Filter>WIN</Filter>
    </ClCompile>
    <ClCompile Include="..\..\..\..\sdks\hsdk\src\hsdk\win\framework_wintimer.cpp">
      <Filter>WIN</Filter>
    </ClCompile>
    <ClCompile Include="..\..\..\..\sdks\hsdk\src\hsdk\win\wictextureloader.cpp">
      <Filter>WIN</Filter>
    </ClCompile>
    <ClCompile Include="..\..\..\..\sdks\hsdk\src\hsdk\win\thread\thread.cpp">
      <Filter>WIN\thread</Filter>
    </ClCompile>
    <ClCompile Include="..\..\..\..\sdks\hsdk\src\hsdk\win\sound\d8_sounddevice.cpp">
      <Filter>WIN\sound</Filter>
    </ClCompile>
    <ClCompile Include="..\..\..\..\sdks\hsdk\src\hsdk\win\sound\d8_soundmultiplayer.cpp">
      <Filter>WIN\sound</Filter>
    </ClCompile>
    <ClCompile Include="..\..\..\..\sdks\hsdk\src\hsdk\win\sound\d8_soundplayer.cpp">
      <Filter>WIN\sound</Filter>
    </ClCompile>
    <ClCompile Include="..\..\..\..\sdks\hsdk\src\hsdk\win\sound\fmod_sounddevice.cpp">
      <Filter>WIN\sound</Filter>
    </ClCompile>
    <ClCompile Include="..\..\..\..\sdks\hsdk\src\hsdk\win\network\tcpclient.cpp">
      <Filter>WIN\net</Filter>
    </ClCompile>
    <ClCompile Include="..\..\..\..\sdks\hsdk\src\hsdk\win\network\tcpproxy.cpp">
      <Filter>WIN\net</Filter>
    </ClCompile>
    <ClCompile Include="..\..\..\..\sdks\hsdk\src\hsdk\win\network\tcpserver.cpp">
      <Filter>WIN\net</Filter>
    </ClCompile>
    <ClCompile Include="..\..\..\..\sdks\hsdk\src\hsdk\win\frame\buttoncompo.cpp">
      <Filter>WIN\frame</Filter>
    </ClCompile>
    <ClCompile Include="..\..\..\..\sdks\hsdk\src\hsdk\win\frame\component.cpp">
      <Filter>WIN\frame</Filter>
    </ClCompile>
    <ClCompile Include="..\..\..\..\sdks\hsdk\src\hsdk\win\frame\container.cpp">
      <Filter>WIN\frame</Filter>
    </ClCompile>
    <ClCompile Include="..\..\..\..\sdks\hsdk\src\hsdk\win\frame\graphics.cpp">
      <Filter>WIN\frame</Filter>
    </ClCompile>
    <ClCompile Include="..\..\..\..\sdks\hsdk\src\hsdk\win\frame\inputeventhelper.cpp">
      <Filter>WIN\frame</Filter>
    </ClCompile>
    <ClCompile Include="..\..\..\..\sdks\hsdk\src\hsdk\win\frame\layout\borderlayout.cpp">
      <Filter>WIN\frame\layout</Filter>
    </ClCompile>
    <ClCompile Include="..\..\..\..\sdks\hsdk\src\hsdk\win\direct3d\d3d10_animation.cpp">
      <Filter>WIN\direct3d</Filter>
    </ClCompile>
    <ClCompile Include="..\..\..\..\sdks\hsdk\src\hsdk\win\direct3d\d3d10_factory.cpp">
      <Filter>WIN\direct3d</Filter>
    </ClCompile>
    <ClCompile Include="..\..\..\..\sdks\hsdk\src\hsdk\win\direct3d\d3d10_font.cpp">
      <Filter>WIN\direct3d</Filter>
    </ClCompile>
    <ClCompile Include="..\..\..\..\sdks\hsdk\src\hsdk\win\direct3d\d3d10_mesh.cpp">
      <Filter>WIN\direct3d</Filter>
    </ClCompile>
    <ClCompile Include="..\..\..\..\sdks\hsdk\src\hsdk\win\direct3d\d3d10_renderer.cpp">
      <Filter>WIN\direct3d</Filter>
    </ClCompile>
    <ClCompile Include="..\..\..\..\sdks\hsdk\src\hsdk\win\direct3d\d3d10_rendertarget.cpp">
      <Filter>WIN\direct3d</Filter>
    </ClCompile>
    <ClCompile Include="..\..\..\..\sdks\hsdk\src\hsdk\win\direct3d\d3d10_terrain.cpp">
      <Filter>WIN\direct3d</Filter>
    </ClCompile>
    <ClCompile Include="..\..\..\..\sdks\hsdk\src\hsdk\win\criticalsection\autoresetevent.cpp">
      <Filter>WIN\ctst</Filter>
    </ClCompile>
    <ClCompile Include="..\..\..\..\sdks\hsdk\src\hsdk\win\criticalsection\manualevent.cpp">
      <Filter>WIN\ctst</Filter>
    </ClCompile>
    <ClCompile Include="..\..\..\..\sdks\hsdk\src\hsdk\win\criticalsection\mutex.cpp">
      <Filter>WIN\ctst</Filter>
    </ClCompile>
    <ClCompile Include="..\..\..\..\sdks\hsdk\src\hsdk\win\criticalsection\semaphore.cpp">
      <Filter>WIN\ctst</Filter>
    </ClCompile>
    <ClCompile Include="..\..\..\..\sdks\hsdk\src\hsdk\win\frame\layout\gridlayout.cpp">
      <Filter>WIN\frame\layout</Filter>
    </ClCompile>
  </ItemGroup>
</Project>